<Solution>
  <Project Path="ClinicManagementSystem/ClinicManagementSystem.csproj" Id="ddec33d1-390b-4e81-9988-6c539329fa23" />
  <Project Path="CsharpTraining/Day2-Assignment.csproj" />
  <Project Path="FlightManagementSystem/FlightManagementSystem.csproj" Id="a7ca1d7b-0204-4034-8c99-6580a78a63e5" />
</Solution>
